
Microsoft Visual Studio Solution File, Format Version 12.00
# Visual Studio 15
VisualStudioVersion = 15.0.26730.12
MinimumVisualStudioVersion = 10.0.40219.1
Project("{FAE04EC0-301F-11D3-BF4B-00C04F79EFBC}") = "ContosoCore", "ContosoCore\ContosoCore.csproj", "{54167DFC-4113-48A4-AEDB-D1101EF07ABB}"
EndProject
Global
	GlobalSection(SolutionConfigurationPlatforms) = preSolution
		Debug|Any CPU = Debug|Any CPU
		Release|Any CPU = Release|Any CPU
	EndGlobalSection
	GlobalSection(ProjectConfigurationPlatforms) = postSolution
		{54167DFC-4113-48A4-AEDB-D1101EF07ABB}.Debug|Any CPU.ActiveCfg = Debug|Any CPU
		{54167DFC-4113-48A4-AEDB-D1101EF07ABB}.Debug|Any CPU.Build.0 = Debug|Any CPU
		{54167DFC-4113-48A4-AEDB-D1101EF07ABB}.Release|Any CPU.ActiveCfg = Release|Any CPU
		{54167DFC-4113-48A4-AEDB-D1101EF07ABB}.Release|Any CPU.Build.0 = Release|Any CPU
	EndGlobalSection
	GlobalSection(SolutionProperties) = preSolution
		HideSolutionNode = FALSE
	EndGlobalSection
	GlobalSection(ExtensibilityGlobals) = postSolution
		SolutionGuid = {2DF358D9-6FF2-4CDC-8DE8-72826BC91272}
	EndGlobalSection
EndGlobal
